dependencies:
- name: postgresql
  repository: https://charts.bitnami.com/bitnami
  version: 11.0.7
- name: redis
  repository: https://charts.bitnami.com/bitnami
  version: 16.4.0
- name: meilisearch
  repository: https://meilisearch.github.io/meilisearch-kubernetes
  version: 0.1.26
digest: sha256:7a68b63e96349d9373439f8ad273de3ab256cf4ccb7f93747cf3c5309f4a3acf
generated: "2022-02-21T18:16:46.288365-06:00"
