dependencies:
- name: postgresql
  repository: https://charts.bitnami.com/bitnami
  version: 11.0.6
- name: redis
  repository: https://charts.bitnami.com/bitnami
  version: 16.4.0
- name: meilisearch
  repository: https://meilisearch.github.io/meilisearch-kubernetes
  version: 0.1.26
digest: sha256:23b158574d3fbaa241c0e93370aaaafde7423b307efa1c4b0c148d46ea699845
generated: "2022-02-20T23:00:09.718214-06:00"
